{
  "name": "mapbox",
  "version": "1.0.0",
  "lockfileVersion": 1,
  "requires": true,
  "dependencies": {
    "@babel/runtime": {
      "version": "7.12.5",
      "resolved": "https://registry.npmjs.org/@babel/runtime/-/runtime-7.12.5.tgz",
      "integrity": "sha512-plcc+hbExy3McchJCEQG3knOsuh3HH+Prx1P6cLIkET/0dLuQDEnrT+s27Axgc9bqfsmNUNHfscgMUdBpC9xfg==",
      "dev": true,
      "requires": {
        "regenerator-runtime": "^0.13.4"
      }
    },
    "@deck.gl/core": {
      "version": "8.3.12",
      "resolved": "https://registry.npmjs.org/@deck.gl/core/-/core-8.3.12.tgz",
      "integrity": "sha512-qA66WrIhwIdO67V2z87GeayaSffob18aJULl7Bl7GaH9g7ocaeX5Vv3uvSAb6kJPiIdkA97bqymikllMYiLx3A==",
      "dev": true,
      "requires": {
        "@loaders.gl/core": "^2.3.0",
        "@loaders.gl/images": "^2.3.0",
        "@luma.gl/core": "^8.3.1",
        "@math.gl/web-mercator": "^3.3.0",
        "gl-matrix": "^3.0.0",
        "math.gl": "^3.3.0",
        "mjolnir.js": "^2.3.0",
        "probe.gl": "^3.2.1"
      }
    },
    "@deck.gl/mapbox": {
      "version": "8.3.12",
      "resolved": "https://registry.npmjs.org/@deck.gl/mapbox/-/mapbox-8.3.12.tgz",
      "integrity": "sha512-4AmnY8OeTazn8ewJCkcMjzAQq/ONh/78p23y1ZmsRkbFMiMQKGnfOZrIFd3kWW8bJEv1ctPpkYteJd5iFCsooA=="
    },
    "@loaders.gl/core": {
      "version": "2.3.7",
      "resolved": "https://registry.npmjs.org/@loaders.gl/core/-/core-2.3.7.tgz",
      "integrity": "sha512-jFKhN2+7JwyoIRzJ0YtWHqjhFtVRum7HVqFqVcz8I8NosB5LEdswnnpGVxTtM5XLIaixdGzfH8i8jq37Kpg0Ag==",
      "dev": true,
      "requires": {
        "@babel/runtime": "^7.3.1",
        "@loaders.gl/loader-utils": "2.3.7"
      }
    },
    "@loaders.gl/images": {
      "version": "2.3.7",
      "resolved": "https://registry.npmjs.org/@loaders.gl/images/-/images-2.3.7.tgz",
      "integrity": "sha512-JMLXyjUEZz6MuCmeQtXYfiH6+SOkvUZ2uS36HaYl7aPshq3pIRJd8EBu9FuB3ObK8V7E3zqZKbtoQW9lAASWPg==",
      "dev": true,
      "requires": {
        "@loaders.gl/loader-utils": "2.3.7"
      }
    },
    "@loaders.gl/loader-utils": {
      "version": "2.3.7",
      "resolved": "https://registry.npmjs.org/@loaders.gl/loader-utils/-/loader-utils-2.3.7.tgz",
      "integrity": "sha512-PYjlt7UmUNqAb/F/52Om/hJt6yEZdIH6ucH+145kEKBTqVR45z5K1/3DrNjQg0Ofo9yUMbVGdtACT4mVlbBrzg==",
      "dev": true,
      "requires": {
        "@babel/runtime": "^7.3.1",
        "@probe.gl/stats": "^3.3.0"
      }
    },
    "@luma.gl/constants": {
      "version": "8.3.2",
      "resolved": "https://registry.npmjs.org/@luma.gl/constants/-/constants-8.3.2.tgz",
      "integrity": "sha512-KSNNXv5eE9bkMH2AcZpLysqNEU0SDDZ8JthjHtkdVyOSr4yMeAaRXyWeSuLJITiemXkm4Um8jX6Ub12OW9JPug==",
      "dev": true
    },
    "@luma.gl/core": {
      "version": "8.3.2",
      "resolved": "https://registry.npmjs.org/@luma.gl/core/-/core-8.3.2.tgz",
      "integrity": "sha512-VNFAI0o54+e5biugtz19p2Mapv2xFTZ3qqtWE4xwqst4K/HqvWhoBcWsS5NYlzD6ipsUWTlaidA4ROkbFJINMw==",
      "dev": true,
      "requires": {
        "@babel/runtime": "^7.0.0",
        "@luma.gl/constants": "8.3.2",
        "@luma.gl/engine": "8.3.2",
        "@luma.gl/shadertools": "8.3.2",
        "@luma.gl/webgl": "8.3.2"
      }
    },
    "@luma.gl/engine": {
      "version": "8.3.2",
      "resolved": "https://registry.npmjs.org/@luma.gl/engine/-/engine-8.3.2.tgz",
      "integrity": "sha512-9msfc/7HemWrCyIbBH9FA3LgOeaPhuit9e+YcEw3UCAo+6AY/+V1EAawne1Lvd4lXgNQb3L8L5yAP60Qr8rGxA==",
      "dev": true,
      "requires": {
        "@babel/runtime": "^7.0.0",
        "@luma.gl/constants": "8.3.2",
        "@luma.gl/gltools": "8.3.2",
        "@luma.gl/shadertools": "8.3.2",
        "@luma.gl/webgl": "8.3.2",
        "math.gl": "^3.3.0",
        "probe.gl": "^3.2.1"
      }
    },
    "@luma.gl/gltools": {
      "version": "8.3.2",
      "resolved": "https://registry.npmjs.org/@luma.gl/gltools/-/gltools-8.3.2.tgz",
      "integrity": "sha512-JGsVdFkr9o74nn1D8vf9huW1hcZiGNAhOtA2jAv9GG4oHPIKLRN8p95QroYMFYl/DcfAxXNR+Mq7hPiTtDiw9w==",
      "dev": true,
      "requires": {
        "@babel/runtime": "^7.0.0",
        "@luma.gl/constants": "8.3.2",
        "probe.gl": "^3.2.1"
      }
    },
    "@luma.gl/shadertools": {
      "version": "8.3.2",
      "resolved": "https://registry.npmjs.org/@luma.gl/shadertools/-/shadertools-8.3.2.tgz",
      "integrity": "sha512-XEAPtEyfcrL9qNdv/xUxxFRmxYwx+LEJMyJ0rUGEZL17a1JMUsyW1B+5EnoNPQEMY4mL1vpa83qHPHX5gYw1FA==",
      "dev": true,
      "requires": {
        "@babel/runtime": "^7.0.0",
        "math.gl": "^3.3.0"
      }
    },
    "@luma.gl/webgl": {
      "version": "8.3.2",
      "resolved": "https://registry.npmjs.org/@luma.gl/webgl/-/webgl-8.3.2.tgz",
      "integrity": "sha512-mO3/DCCs/VlQbjFbqGE6FlGX/qU6pdMtS26JBCAV30dR40LO41uWWEz9HniDv92QPDPb+ZNCa5/yYbtLpZnADw==",
      "dev": true,
      "requires": {
        "@babel/runtime": "^7.0.0",
        "@luma.gl/constants": "8.3.2",
        "@luma.gl/gltools": "8.3.2",
        "probe.gl": "^3.2.1"
      }
    },
    "@math.gl/core": {
      "version": "3.3.2",
      "resolved": "https://registry.npmjs.org/@math.gl/core/-/core-3.3.2.tgz",
      "integrity": "sha512-W0QoVrdjiLs52ivtozrHbCitqWGNsWi4TwdfBckhOaeB5cE/R/pyOXfvLmdwGj2b1TLSg8SwgZLlmkWG776GKw==",
      "dev": true,
      "requires": {
        "@babel/runtime": "^7.0.0",
        "gl-matrix": "^3.0.0"
      }
    },
    "@math.gl/web-mercator": {
      "version": "3.3.2",
      "resolved": "https://registry.npmjs.org/@math.gl/web-mercator/-/web-mercator-3.3.2.tgz",
      "integrity": "sha512-84NNnwP97Xwm1ynZzat1BuEU2uLyIw0gzG5uvGMrAzezny2P38+E2cUK8t9eptKa8gjk2MaC7hhcO0saFCZTHw==",
      "dev": true,
      "requires": {
        "@babel/runtime": "^7.0.0",
        "gl-matrix": "^3.0.0"
      }
    },
    "@probe.gl/stats": {
      "version": "3.3.0",
      "resolved": "https://registry.npmjs.org/@probe.gl/stats/-/stats-3.3.0.tgz",
      "integrity": "sha512-CV4c3EgallqZTO88u34/u9L5asL0nCVP1BEkb4qcXlh8Qz2Vmygbyjz1ViQsct6rSi2lJ52lo6W0PnlpZJJvcA==",
      "dev": true,
      "requires": {
        "@babel/runtime": "^7.0.0"
      }
    },
    "gl-matrix": {
      "version": "3.3.0",
      "resolved": "https://registry.npmjs.org/gl-matrix/-/gl-matrix-3.3.0.tgz",
      "integrity": "sha512-COb7LDz+SXaHtl/h4LeaFcNdJdAQSDeVqjiIihSXNrkWObZLhDI4hIkZC11Aeqp7bcE72clzB0BnDXr2SmslRA==",
      "dev": true
    },
    "hammerjs": {
      "version": "2.0.8",
      "resolved": "https://registry.npmjs.org/hammerjs/-/hammerjs-2.0.8.tgz",
      "integrity": "sha1-BO93hiz/K7edMPdpIJWTAiK/YPE=",
      "dev": true
    },
    "math.gl": {
      "version": "3.3.2",
      "resolved": "https://registry.npmjs.org/math.gl/-/math.gl-3.3.2.tgz",
      "integrity": "sha512-33CWhbeiQxl+lzpnKdKijH9mPdZRQUP9TlBILNh6xhnJdMD9D+Kle6Xhfb8dMllE1UUQcPZlQ8/Sd1qSVtNsKQ==",
      "dev": true,
      "requires": {
        "@math.gl/core": "3.3.2"
      }
    },
    "mjolnir.js": {
      "version": "2.5.0",
      "resolved": "https://registry.npmjs.org/mjolnir.js/-/mjolnir.js-2.5.0.tgz",
      "integrity": "sha512-YkVoyKs7qm9xvAgRgjx3Md/7eYqmq7VXOgTKQNnmuzcBJzMebjdIWa7FdTd0RZBrw3UL6V6TTktsxJwBMLXUNA==",
      "dev": true,
      "requires": {
        "@babel/runtime": "^7.0.0",
        "hammerjs": "^2.0.8"
      }
    },
    "probe.gl": {
      "version": "3.3.0",
      "resolved": "https://registry.npmjs.org/probe.gl/-/probe.gl-3.3.0.tgz",
      "integrity": "sha512-59E6AEw4N8sU4PKfAl7S2UBYJCOa064WpEFcXfeFOB/36FJtplYY+261DqLjLAvOqRRHiKVEQUBo63PQ3jKeWA==",
      "dev": true,
      "requires": {
        "@babel/runtime": "^7.0.0",
        "@probe.gl/stats": "3.3.0"
      }
    },
    "regenerator-runtime": {
      "version": "0.13.7",
      "resolved": "https://registry.npmjs.org/regenerator-runtime/-/regenerator-runtime-0.13.7.tgz",
      "integrity": "sha512-a54FxoJDIr27pgf7IgeQGxmqUNYrcV338lf/6gH456HZ/PhX+5BcwHXG9ajESmwe6WRO0tAzRUrRmNONWgkrew==",
      "dev": true
    }
  }
}
